{
	"name": "atom-ide-mocha-core",
	"version": "1.2.0",
	"lockfileVersion": 1,
	"requires": true,
	"dependencies": {
		"hash-index": {
			"version": "3.0.0",
			"resolved": "https://registry.npmjs.org/hash-index/-/hash-index-3.0.0.tgz",
			"integrity": "sha1-5OyddQsxAo1uFdFM3cf9luEhElk="
		},
		"hash-to-port": {
			"version": "1.0.0",
			"resolved": "https://registry.npmjs.org/hash-to-port/-/hash-to-port-1.0.0.tgz",
			"integrity": "sha1-GJveIkl3jQLIbMWRJEmTFA8Zpmk=",
			"requires": {
				"hash-index": "^3.0.0"
			}
		},
		"remote-event-emitter": {
			"version": "1.0.2",
			"resolved": "https://registry.npmjs.org/remote-event-emitter/-/remote-event-emitter-1.0.2.tgz",
			"integrity": "sha512-ADm1PVqYKm7ZEOlGeZzHlrhLE1Cj/vToj4gTyrUTNw7KnHZlyvHBjJvxCMuW1arfIvUeqo7TWvS+2OZeRDqeRw=="
		},
		"stack-utils": {
			"version": "1.0.1",
			"resolved": "https://registry.npmjs.org/stack-utils/-/stack-utils-1.0.1.tgz",
			"integrity": "sha1-1PM6tU6OOHeLDKXP07OvsS22hiA="
		}
	}
}
