{
	"name": "atom-ide-mocha-core",
	"version": "2.2.0",
	"lockfileVersion": 1,
	"requires": true,
	"dependencies": {
		"atom-package-deps": {
			"version": "5.0.0",
			"resolved": "https://registry.npmjs.org/atom-package-deps/-/atom-package-deps-5.0.0.tgz",
			"integrity": "sha512-C5Z2V68GuZvuLowrqQ8O8+BE8P4Elhxuc6eZiZ0770CH2e2R/Ausz5VebbDxVOSedFwAaz3CzQJYHayqZ5wKQg==",
			"requires": {
				"sb-fs": "^3.0.0",
				"semver": "^5.6.0"
			}
		},
		"binary-split": {
			"version": "1.0.5",
			"resolved": "https://registry.npmjs.org/binary-split/-/binary-split-1.0.5.tgz",
			"integrity": "sha512-AQ5fcBrUU5hoIafkEvNKqxT+2xbqlSqAXef6IdCQr5wpHu9E7NGM6rTAlYJYbtxvAvjfx8nJkBy6rNlbPPI+Pw==",
			"requires": {
				"through2": "^2.0.3"
			}
		},
		"core-util-is": {
			"version": "1.0.2",
			"resolved": "https://registry.npmjs.org/core-util-is/-/core-util-is-1.0.2.tgz",
			"integrity": "sha1-tf1UIgqivFq1eqtxQMlAdUUDwac="
		},
		"hash-index": {
			"version": "3.0.0",
			"resolved": "https://registry.npmjs.org/hash-index/-/hash-index-3.0.0.tgz",
			"integrity": "sha1-5OyddQsxAo1uFdFM3cf9luEhElk="
		},
		"hash-to-port": {
			"version": "1.0.0",
			"resolved": "https://registry.npmjs.org/hash-to-port/-/hash-to-port-1.0.0.tgz",
			"integrity": "sha1-GJveIkl3jQLIbMWRJEmTFA8Zpmk=",
			"requires": {
				"hash-index": "^3.0.0"
			}
		},
		"inherits": {
			"version": "2.0.3",
			"resolved": "https://registry.npmjs.org/inherits/-/inherits-2.0.3.tgz",
			"integrity": "sha1-Yzwsg+PaQqUC9SRmAiSA9CCCYd4="
		},
		"is-utf8": {
			"version": "0.2.1",
			"resolved": "https://registry.npmjs.org/is-utf8/-/is-utf8-0.2.1.tgz",
			"integrity": "sha1-Sw2hRCEE0bM2NA6AeX6GXPOffXI="
		},
		"isarray": {
			"version": "1.0.0",
			"resolved": "https://registry.npmjs.org/isarray/-/isarray-1.0.0.tgz",
			"integrity": "sha1-u5NdSFgsuhaMBoNJV6VKPgcSTxE="
		},
		"process-nextick-args": {
			"version": "2.0.0",
			"resolved": "https://registry.npmjs.org/process-nextick-args/-/process-nextick-args-2.0.0.tgz",
			"integrity": "sha512-MtEC1TqN0EU5nephaJ4rAtThHtC86dNN9qCuEhtshvpVBkAW5ZO7BASN9REnF9eoXGcRub+pFuKEpOHE+HbEMw=="
		},
		"readable-stream": {
			"version": "2.3.6",
			"resolved": "http://registry.npmjs.org/readable-stream/-/readable-stream-2.3.6.tgz",
			"integrity": "sha512-tQtKA9WIAhBF3+VLAseyMqZeBjW0AHJoxOtYqSUZNJxauErmLbVm2FW1y+J/YA9dUrAC39ITejlZWhVIwawkKw==",
			"requires": {
				"core-util-is": "~1.0.0",
				"inherits": "~2.0.3",
				"isarray": "~1.0.0",
				"process-nextick-args": "~2.0.0",
				"safe-buffer": "~5.1.1",
				"string_decoder": "~1.1.1",
				"util-deprecate": "~1.0.1"
			}
		},
		"remote-event-emitter": {
			"version": "1.1.0",
			"resolved": "https://registry.npmjs.org/remote-event-emitter/-/remote-event-emitter-1.1.0.tgz",
			"integrity": "sha512-7iCwrkee63WMkdDHGxG5bCzHcFyqwFlBF6+5GvJ0+0zsAxqXcHNcUlHn5cUlU2JjTdMBdtl1ce+akUNQV5siSg==",
			"requires": {
				"binary-split": "^1.0.5"
			}
		},
		"safe-buffer": {
			"version": "5.1.2",
			"resolved": "https://registry.npmjs.org/safe-buffer/-/safe-buffer-5.1.2.tgz",
			"integrity": "sha512-Gd2UZBJDkXlY7GbJxfsE8/nvKkUEU1G38c1siN6QP6a9PT9MmHB8GnpscSmMJSoF8LOIrt8ud/wPtojys4G6+g=="
		},
		"sb-fs": {
			"version": "3.0.0",
			"resolved": "https://registry.npmjs.org/sb-fs/-/sb-fs-3.0.0.tgz",
			"integrity": "sha1-+9zdMBDoChuOJ0kM7zNgZJdCA7g=",
			"requires": {
				"sb-promisify": "^2.0.1",
				"strip-bom-buf": "^1.0.0"
			}
		},
		"sb-promisify": {
			"version": "2.0.2",
			"resolved": "https://registry.npmjs.org/sb-promisify/-/sb-promisify-2.0.2.tgz",
			"integrity": "sha1-QnelR1RIiqlnXYhuNU24lMm9yYE="
		},
		"semver": {
			"version": "5.6.0",
			"resolved": "https://registry.npmjs.org/semver/-/semver-5.6.0.tgz",
			"integrity": "sha512-RS9R6R35NYgQn++fkDWaOmqGoj4Ek9gGs+DPxNUZKuwE183xjJroKvyo1IzVFeXvUrvmALy6FWD5xrdJT25gMg=="
		},
		"stack-utils": {
			"version": "1.0.1",
			"resolved": "https://registry.npmjs.org/stack-utils/-/stack-utils-1.0.1.tgz",
			"integrity": "sha1-1PM6tU6OOHeLDKXP07OvsS22hiA="
		},
		"string_decoder": {
			"version": "1.1.1",
			"resolved": "http://registry.npmjs.org/string_decoder/-/string_decoder-1.1.1.tgz",
			"integrity": "sha512-n/ShnvDi6FHbbVfviro+WojiFzv+s8MPMHBczVePfUpDJLwoLT0ht1l4YwBCbi8pJAveEEdnkHyPyTP/mzRfwg==",
			"requires": {
				"safe-buffer": "~5.1.0"
			}
		},
		"strip-bom-buf": {
			"version": "1.0.0",
			"resolved": "https://registry.npmjs.org/strip-bom-buf/-/strip-bom-buf-1.0.0.tgz",
			"integrity": "sha1-HLRar1dTD0yvhsf3UXnSyaUd1XI=",
			"requires": {
				"is-utf8": "^0.2.1"
			}
		},
		"through2": {
			"version": "2.0.5",
			"resolved": "https://registry.npmjs.org/through2/-/through2-2.0.5.tgz",
			"integrity": "sha512-/mrRod8xqpA+IHSLyGCQ2s8SPHiCDEeQJSep1jqLYeEUClOFG2Qsh+4FU6G9VeqpZnGW/Su8LQGc4YKni5rYSQ==",
			"requires": {
				"readable-stream": "~2.3.6",
				"xtend": "~4.0.1"
			}
		},
		"util-deprecate": {
			"version": "1.0.2",
			"resolved": "https://registry.npmjs.org/util-deprecate/-/util-deprecate-1.0.2.tgz",
			"integrity": "sha1-RQ1Nyfpw3nMnYvvS1KKJgUGaDM8="
		},
		"xtend": {
			"version": "4.0.1",
			"resolved": "https://registry.npmjs.org/xtend/-/xtend-4.0.1.tgz",
			"integrity": "sha1-pcbVMr5lbiPbgg77lDofBJmNY68="
		}
	}
}
